
Microsoft Visual Studio Solution File, Format Version 12.00
# Visual Studio 2012
Project("{FAE04EC0-301F-11D3-BF4B-00C04F79EFBC}") = "MvcVersion4Intranet", "MvcVersion4Intranet\MvcVersion4Intranet.csproj", "{221BA075-879C-45D6-B8B5-320536C78455}"
EndProject
Project("{FAE04EC0-301F-11D3-BF4B-00C04F79EFBC}") = "MvcVersion4Intranet.Tests", "MvcVersion4Intranet.Tests\MvcVersion4Intranet.Tests.csproj", "{7F7BC81D-9A9C-4F3D-98D8-7DB1B0771F23}"
EndProject
Global
	GlobalSection(SolutionConfigurationPlatforms) = preSolution
		Debug|Any CPU = Debug|Any CPU
		Release|Any CPU = Release|Any CPU
	EndGlobalSection
	GlobalSection(ProjectConfigurationPlatforms) = postSolution
		{221BA075-879C-45D6-B8B5-320536C78455}.Debug|Any CPU.ActiveCfg = Debug|Any CPU
		{221BA075-879C-45D6-B8B5-320536C78455}.Debug|Any CPU.Build.0 = Debug|Any CPU
		{221BA075-879C-45D6-B8B5-320536C78455}.Release|Any CPU.ActiveCfg = Release|Any CPU
		{221BA075-879C-45D6-B8B5-320536C78455}.Release|Any CPU.Build.0 = Release|Any CPU
		{7F7BC81D-9A9C-4F3D-98D8-7DB1B0771F23}.Debug|Any CPU.ActiveCfg = Debug|Any CPU
		{7F7BC81D-9A9C-4F3D-98D8-7DB1B0771F23}.Debug|Any CPU.Build.0 = Debug|Any CPU
		{7F7BC81D-9A9C-4F3D-98D8-7DB1B0771F23}.Release|Any CPU.ActiveCfg = Release|Any CPU
		{7F7BC81D-9A9C-4F3D-98D8-7DB1B0771F23}.Release|Any CPU.Build.0 = Release|Any CPU
	EndGlobalSection
	GlobalSection(SolutionProperties) = preSolution
		HideSolutionNode = FALSE
	EndGlobalSection
EndGlobal
