
Microsoft Visual Studio Solution File, Format Version 11.00
# Visual Studio 2010
Project("{FAE04EC0-301F-11D3-BF4B-00C04F79EFBC}") = "MvcVersion3Intranet", "MvcVersion3Intranet\MvcVersion3Intranet.csproj", "{B6A54EA5-7A89-44FF-923B-DCD6718201D8}"
EndProject
Project("{FAE04EC0-301F-11D3-BF4B-00C04F79EFBC}") = "MvcVersion3Intranet.Tests", "MvcVersion3Intranet.Tests\MvcVersion3Intranet.Tests.csproj", "{958CEB39-F6A2-4569-B77B-904622ED1FB4}"
EndProject
Global
	GlobalSection(SolutionConfigurationPlatforms) = preSolution
		Debug|Any CPU = Debug|Any CPU
		Release|Any CPU = Release|Any CPU
	EndGlobalSection
	GlobalSection(ProjectConfigurationPlatforms) = postSolution
		{B6A54EA5-7A89-44FF-923B-DCD6718201D8}.Debug|Any CPU.ActiveCfg = Debug|Any CPU
		{B6A54EA5-7A89-44FF-923B-DCD6718201D8}.Debug|Any CPU.Build.0 = Debug|Any CPU
		{B6A54EA5-7A89-44FF-923B-DCD6718201D8}.Release|Any CPU.ActiveCfg = Release|Any CPU
		{B6A54EA5-7A89-44FF-923B-DCD6718201D8}.Release|Any CPU.Build.0 = Release|Any CPU
		{958CEB39-F6A2-4569-B77B-904622ED1FB4}.Debug|Any CPU.ActiveCfg = Debug|Any CPU
		{958CEB39-F6A2-4569-B77B-904622ED1FB4}.Debug|Any CPU.Build.0 = Debug|Any CPU
		{958CEB39-F6A2-4569-B77B-904622ED1FB4}.Release|Any CPU.ActiveCfg = Release|Any CPU
		{958CEB39-F6A2-4569-B77B-904622ED1FB4}.Release|Any CPU.Build.0 = Release|Any CPU
	EndGlobalSection
	GlobalSection(SolutionProperties) = preSolution
		HideSolutionNode = FALSE
	EndGlobalSection
EndGlobal
