
Microsoft Visual Studio Solution File, Format Version 11.00
# Visual Studio 2010
Project("{FAE04EC0-301F-11D3-BF4B-00C04F79EFBC}") = "MvcVersion2Empty", "MvcVersion2Empty.csproj", "{7A2B20D4-9A20-43CD-A3B4-D7B0AB3E5854}"
EndProject
Global
	GlobalSection(SolutionConfigurationPlatforms) = preSolution
		Debug|Any CPU = Debug|Any CPU
		Release|Any CPU = Release|Any CPU
	EndGlobalSection
	GlobalSection(ProjectConfigurationPlatforms) = postSolution
		{7A2B20D4-9A20-43CD-A3B4-D7B0AB3E5854}.Debug|Any CPU.ActiveCfg = Debug|Any CPU
		{7A2B20D4-9A20-43CD-A3B4-D7B0AB3E5854}.Debug|Any CPU.Build.0 = Debug|Any CPU
		{7A2B20D4-9A20-43CD-A3B4-D7B0AB3E5854}.Release|Any CPU.ActiveCfg = Release|Any CPU
		{7A2B20D4-9A20-43CD-A3B4-D7B0AB3E5854}.Release|Any CPU.Build.0 = Release|Any CPU
	EndGlobalSection
	GlobalSection(SolutionProperties) = preSolution
		HideSolutionNode = FALSE
	EndGlobalSection
EndGlobal
