
Microsoft Visual Studio Solution File, Format Version 11.00
# Visual Studio 2010
Project("{FAE04EC0-301F-11D3-BF4B-00C04F79EFBC}") = "MvcVersion2", "MvcVersion2.csproj", "{AC072896-48FD-4BD9-879D-ECD581CEBE6D}"
EndProject
Project("{FAE04EC0-301F-11D3-BF4B-00C04F79EFBC}") = "MvcVersion2.Tests", "..\MvcVersion2.Tests\MvcVersion2.Tests.csproj", "{EA4E714B-BAB8-495F-91EA-65002D82AD42}"
EndProject
Global
	GlobalSection(SolutionConfigurationPlatforms) = preSolution
		Debug|Any CPU = Debug|Any CPU
		Release|Any CPU = Release|Any CPU
	EndGlobalSection
	GlobalSection(ProjectConfigurationPlatforms) = postSolution
		{AC072896-48FD-4BD9-879D-ECD581CEBE6D}.Debug|Any CPU.ActiveCfg = Debug|Any CPU
		{AC072896-48FD-4BD9-879D-ECD581CEBE6D}.Debug|Any CPU.Build.0 = Debug|Any CPU
		{AC072896-48FD-4BD9-879D-ECD581CEBE6D}.Release|Any CPU.ActiveCfg = Release|Any CPU
		{AC072896-48FD-4BD9-879D-ECD581CEBE6D}.Release|Any CPU.Build.0 = Release|Any CPU
		{EA4E714B-BAB8-495F-91EA-65002D82AD42}.Debug|Any CPU.ActiveCfg = Debug|Any CPU
		{EA4E714B-BAB8-495F-91EA-65002D82AD42}.Debug|Any CPU.Build.0 = Debug|Any CPU
		{EA4E714B-BAB8-495F-91EA-65002D82AD42}.Release|Any CPU.ActiveCfg = Release|Any CPU
		{EA4E714B-BAB8-495F-91EA-65002D82AD42}.Release|Any CPU.Build.0 = Release|Any CPU
	EndGlobalSection
	GlobalSection(SolutionProperties) = preSolution
		HideSolutionNode = FALSE
	EndGlobalSection
EndGlobal
