
Microsoft Visual Studio Solution File, Format Version 12.00
# Visual Studio 2012
Project("{FAE04EC0-301F-11D3-BF4B-00C04F79EFBC}") = "MvcVersion3Intranet", "MvcVersion3Intranet\MvcVersion3Intranet.csproj", "{5FD79362-438A-4798-B504-2E342C81B677}"
EndProject
Project("{FAE04EC0-301F-11D3-BF4B-00C04F79EFBC}") = "MvcVersion3Intranet.Tests", "MvcVersion3Intranet.Tests\MvcVersion3Intranet.Tests.csproj", "{C3832CBE-FBAF-40FE-AFCE-BDD12998B89A}"
EndProject
Global
	GlobalSection(SolutionConfigurationPlatforms) = preSolution
		Debug|Any CPU = Debug|Any CPU
		Release|Any CPU = Release|Any CPU
	EndGlobalSection
	GlobalSection(ProjectConfigurationPlatforms) = postSolution
		{5FD79362-438A-4798-B504-2E342C81B677}.Debug|Any CPU.ActiveCfg = Debug|Any CPU
		{5FD79362-438A-4798-B504-2E342C81B677}.Debug|Any CPU.Build.0 = Debug|Any CPU
		{5FD79362-438A-4798-B504-2E342C81B677}.Release|Any CPU.ActiveCfg = Release|Any CPU
		{5FD79362-438A-4798-B504-2E342C81B677}.Release|Any CPU.Build.0 = Release|Any CPU
		{C3832CBE-FBAF-40FE-AFCE-BDD12998B89A}.Debug|Any CPU.ActiveCfg = Debug|Any CPU
		{C3832CBE-FBAF-40FE-AFCE-BDD12998B89A}.Debug|Any CPU.Build.0 = Debug|Any CPU
		{C3832CBE-FBAF-40FE-AFCE-BDD12998B89A}.Release|Any CPU.ActiveCfg = Release|Any CPU
		{C3832CBE-FBAF-40FE-AFCE-BDD12998B89A}.Release|Any CPU.Build.0 = Release|Any CPU
	EndGlobalSection
	GlobalSection(SolutionProperties) = preSolution
		HideSolutionNode = FALSE
	EndGlobalSection
EndGlobal
