
Microsoft Visual Studio Solution File, Format Version 12.00
# Visual Studio 2012
Project("{FAE04EC0-301F-11D3-BF4B-00C04F79EFBC}") = "MvcVersion4Empty", "MvcVersion4Empty\MvcVersion4Empty.csproj", "{CA3C3DB4-4608-48D1-B096-759E43B56179}"
EndProject
Project("{FAE04EC0-301F-11D3-BF4B-00C04F79EFBC}") = "MvcVersion4Empty.Tests", "MvcVersion4Empty.Tests\MvcVersion4Empty.Tests.csproj", "{A43D2EEC-5B0A-46FA-82E2-BCB0BC79A419}"
EndProject
Global
	GlobalSection(SolutionConfigurationPlatforms) = preSolution
		Debug|Any CPU = Debug|Any CPU
		Release|Any CPU = Release|Any CPU
	EndGlobalSection
	GlobalSection(ProjectConfigurationPlatforms) = postSolution
		{CA3C3DB4-4608-48D1-B096-759E43B56179}.Debug|Any CPU.ActiveCfg = Debug|Any CPU
		{CA3C3DB4-4608-48D1-B096-759E43B56179}.Debug|Any CPU.Build.0 = Debug|Any CPU
		{CA3C3DB4-4608-48D1-B096-759E43B56179}.Release|Any CPU.ActiveCfg = Release|Any CPU
		{CA3C3DB4-4608-48D1-B096-759E43B56179}.Release|Any CPU.Build.0 = Release|Any CPU
		{A43D2EEC-5B0A-46FA-82E2-BCB0BC79A419}.Debug|Any CPU.ActiveCfg = Debug|Any CPU
		{A43D2EEC-5B0A-46FA-82E2-BCB0BC79A419}.Debug|Any CPU.Build.0 = Debug|Any CPU
		{A43D2EEC-5B0A-46FA-82E2-BCB0BC79A419}.Release|Any CPU.ActiveCfg = Release|Any CPU
		{A43D2EEC-5B0A-46FA-82E2-BCB0BC79A419}.Release|Any CPU.Build.0 = Release|Any CPU
	EndGlobalSection
	GlobalSection(SolutionProperties) = preSolution
		HideSolutionNode = FALSE
	EndGlobalSection
EndGlobal
