
Microsoft Visual Studio Solution File, Format Version 12.00
# Visual Studio 2012
Project("{FAE04EC0-301F-11D3-BF4B-00C04F79EFBC}") = "MvcVersion4Intranet", "MvcVersion4Intranet\MvcVersion4Intranet.csproj", "{BE22C6D9-E14B-49BF-8EBC-15F4EB24259E}"
EndProject
Project("{FAE04EC0-301F-11D3-BF4B-00C04F79EFBC}") = "MvcVersion4Intranet.Tests", "MvcVersion4Intranet.Tests\MvcVersion4Intranet.Tests.csproj", "{F5E7562A-5061-4A58-9229-B6563DF74FA5}"
EndProject
Global
	GlobalSection(SolutionConfigurationPlatforms) = preSolution
		Debug|Any CPU = Debug|Any CPU
		Release|Any CPU = Release|Any CPU
	EndGlobalSection
	GlobalSection(ProjectConfigurationPlatforms) = postSolution
		{BE22C6D9-E14B-49BF-8EBC-15F4EB24259E}.Debug|Any CPU.ActiveCfg = Debug|Any CPU
		{BE22C6D9-E14B-49BF-8EBC-15F4EB24259E}.Debug|Any CPU.Build.0 = Debug|Any CPU
		{BE22C6D9-E14B-49BF-8EBC-15F4EB24259E}.Release|Any CPU.ActiveCfg = Release|Any CPU
		{BE22C6D9-E14B-49BF-8EBC-15F4EB24259E}.Release|Any CPU.Build.0 = Release|Any CPU
		{F5E7562A-5061-4A58-9229-B6563DF74FA5}.Debug|Any CPU.ActiveCfg = Debug|Any CPU
		{F5E7562A-5061-4A58-9229-B6563DF74FA5}.Debug|Any CPU.Build.0 = Debug|Any CPU
		{F5E7562A-5061-4A58-9229-B6563DF74FA5}.Release|Any CPU.ActiveCfg = Release|Any CPU
		{F5E7562A-5061-4A58-9229-B6563DF74FA5}.Release|Any CPU.Build.0 = Release|Any CPU
	EndGlobalSection
	GlobalSection(SolutionProperties) = preSolution
		HideSolutionNode = FALSE
	EndGlobalSection
EndGlobal
